
Microsoft Visual Studio Solution File, Format Version 12.00
# Visual Studio Version 17
VisualStudioVersion = 17.7.34024.191
MinimumVisualStudioVersion = 10.0.40219.1
Project("{FAE04EC0-301F-11D3-BF4B-00C04F79EFBC}") = "Tumakov10", "Tumakov10\Tumakov10.csproj", "{C8F2155C-04EC-42EC-B133-CB943CEC432D}"
EndProject
Project("{FAE04EC0-301F-11D3-BF4B-00C04F79EFBC}") = "Practica", "Practica\Practica.csproj", "{D6A796D1-8D52-49CB-A985-57DF5D962554}"
EndProject
Global
	GlobalSection(SolutionConfigurationPlatforms) = preSolution
		Debug|Any CPU = Debug|Any CPU
		Release|Any CPU = Release|Any CPU
	EndGlobalSection
	GlobalSection(ProjectConfigurationPlatforms) = postSolution
		{C8F2155C-04EC-42EC-B133-CB943CEC432D}.Debug|Any CPU.ActiveCfg = Debug|Any CPU
		{C8F2155C-04EC-42EC-B133-CB943CEC432D}.Debug|Any CPU.Build.0 = Debug|Any CPU
		{C8F2155C-04EC-42EC-B133-CB943CEC432D}.Release|Any CPU.ActiveCfg = Release|Any CPU
		{C8F2155C-04EC-42EC-B133-CB943CEC432D}.Release|Any CPU.Build.0 = Release|Any CPU
		{D6A796D1-8D52-49CB-A985-57DF5D962554}.Debug|Any CPU.ActiveCfg = Debug|Any CPU
		{D6A796D1-8D52-49CB-A985-57DF5D962554}.Debug|Any CPU.Build.0 = Debug|Any CPU
		{D6A796D1-8D52-49CB-A985-57DF5D962554}.Release|Any CPU.ActiveCfg = Release|Any CPU
		{D6A796D1-8D52-49CB-A985-57DF5D962554}.Release|Any CPU.Build.0 = Release|Any CPU
	EndGlobalSection
	GlobalSection(SolutionProperties) = preSolution
		HideSolutionNode = FALSE
	EndGlobalSection
	GlobalSection(ExtensibilityGlobals) = postSolution
		SolutionGuid = {120BCE25-6373-443F-965E-0E17391AF62F}
	EndGlobalSection
EndGlobal
